
Microsoft Visual Studio Solution File, Format Version 12.00
# Visual Studio Version 16
VisualStudioVersion = 25.0.1700.1
MinimumVisualStudioVersion = 10.0.40219.1
Project("{FAE04EC0-301F-11D3-BF4B-00C04F79EFBC}") = "FirstWebApi", "FirstWebApi\FirstWebApi.csproj", "{1BE7CEA5-0646-41DE-BAAF-7131A980287C}"
EndProject
Global
	GlobalSection(SolutionConfigurationPlatforms) = preSolution
		Debug|Any CPU = Debug|Any CPU
		Release|Any CPU = Release|Any CPU
	EndGlobalSection
	GlobalSection(ProjectConfigurationPlatforms) = postSolution
		{1BE7CEA5-0646-41DE-BAAF-7131A980287C}.Debug|Any CPU.ActiveCfg = Debug|Any CPU
		{1BE7CEA5-0646-41DE-BAAF-7131A980287C}.Debug|Any CPU.Build.0 = Debug|Any CPU
		{1BE7CEA5-0646-41DE-BAAF-7131A980287C}.Release|Any CPU.ActiveCfg = Release|Any CPU
		{1BE7CEA5-0646-41DE-BAAF-7131A980287C}.Release|Any CPU.Build.0 = Release|Any CPU
	EndGlobalSection
	GlobalSection(SolutionProperties) = preSolution
		HideSolutionNode = FALSE
	EndGlobalSection
	GlobalSection(ExtensibilityGlobals) = postSolution
		SolutionGuid = {31D7E888-4BBD-44F8-84B7-39ADCEC80CF9}
	EndGlobalSection
EndGlobal
